// !$*UTF8*$!
{
	archiveVersion = 1;
	classes = {
	};
	objectVersion = 48;
	objects = {

/* Begin PBXBuildFile section */
		6AF10B5320285E8300AB503F /* AppDelegate.m in Sources */ = {isa = PBXBuildFile; fileRef = 6AF10B5220285E8300AB503F /* AppDelegate.m */; };
		6AF10B5620285E8300AB503F /* ViewController.m in Sources */ = {isa = PBXBuildFile; fileRef = 6AF10B5520285E8300AB503F /* ViewController.m */; };
		6AF10B5920285E8300AB503F /* Main.storyboard in Resources */ = {isa = PBXBuildFile; fileRef = 6AF10B5720285E8300AB503F /* Main.storyboard */; };
		6AF10B5B20285E8300AB503F /* Assets.xcassets in Resources */ = {isa = PBXBuildFile; fileRef = 6AF10B5A20285E8300AB503F /* Assets.xcassets */; };
		6AF10B5E20285E8300AB503F /* LaunchScreen.storyboard in Resources */ = {isa = PBXBuildFile; fileRef = 6AF10B5C20285E8300AB503F /* LaunchScreen.storyboard */; };
		6AF10B6120285E8300AB503F /* main.m in Sources */ = {isa = PBXBuildFile; fileRef = 6AF10B6020285E8300AB503F /* main.m */; };
		6AF10B6B20285E8400AB503F /* LYMethodChainingTests.m in Sources */ = {isa = PBXBuildFile; fileRef = 6AF10B6A20285E8400AB503F /* LYMethodChainingTests.m */; };
		6AF10BA820285ECB00AB503F /* UIImageView+MethodChaining.m in Sources */ = {isa = PBXBuildFile; fileRef = 6AF10B7920285ECB00AB503F /* UIImageView+MethodChaining.m */; };
		6AF10BA920285ECB00AB503F /* UIView+MethodChaining.m in Sources */ = {isa = PBXBuildFile; fileRef = 6AF10B7B20285ECB00AB503F /* UIView+MethodChaining.m */; };
		6AF10BAA20285ECB00AB503F /* UIButton+MethodChaining.m in Sources */ = {isa = PBXBuildFile; fileRef = 6AF10B7C20285ECB00AB503F /* UIButton+MethodChaining.m */; };
		6AF10BAB20285ECB00AB503F /* UITextView+MethodChaining.m in Sources */ = {isa = PBXBuildFile; fileRef = 6AF10B7D20285ECB00AB503F /* UITextView+MethodChaining.m */; };
		6AF10BAC20285ECB00AB503F /* UIControl+MethodChaining.m in Sources */ = {isa = PBXBuildFile; fileRef = 6AF10B7F20285ECB00AB503F /* UIControl+MethodChaining.m */; };
		6AF10BAD20285ECB00AB503F /* UIView+LYFrame.m in Sources */ = {isa = PBXBuildFile; fileRef = 6AF10B8320285ECB00AB503F /* UIView+LYFrame.m */; };
		6AF10BAE20285ECB00AB503F /* UITableView+MethodChaining.m in Sources */ = {isa = PBXBuildFile; fileRef = 6AF10B8520285ECB00AB503F /* UITableView+MethodChaining.m */; };
		6AF10BAF20285ECB00AB503F /* UILabel+MethodChaining.m in Sources */ = {isa = PBXBuildFile; fileRef = 6AF10B8920285ECB00AB503F /* UILabel+MethodChaining.m */; };
		6AF10BB020285ECB00AB503F /* UIScrollView+MethodChaining.m in Sources */ = {isa = PBXBuildFile; fileRef = 6AF10B8A20285ECB00AB503F /* UIScrollView+MethodChaining.m */; };
		6AF10BB120285ECB00AB503F /* UITextField+MethodChaining.m in Sources */ = {isa = PBXBuildFile; fileRef = 6AF10B8C20285ECB00AB503F /* UITextField+MethodChaining.m */; };
		6AF10BB220285ECB00AB503F /* NSMutableDictionary+LYAttributes.m in Sources */ = {isa = PBXBuildFile; fileRef = 6AF10B8F20285ECB00AB503F /* NSMutableDictionary+LYAttributes.m */; };
		6AF10BB320285ECB00AB503F /* NSMutableArray+MethodChaining.m in Sources */ = {isa = PBXBuildFile; fileRef = 6AF10B9020285ECB00AB503F /* NSMutableArray+MethodChaining.m */; };
		6AF10BB420285ECB00AB503F /* NSMutableDictionary+MethodChaining.m in Sources */ = {isa = PBXBuildFile; fileRef = 6AF10B9120285ECB00AB503F /* NSMutableDictionary+MethodChaining.m */; };
		6AF10BB520285ECB00AB503F /* NSMutableAttributedString+MethodChaining.m in Sources */ = {isa = PBXBuildFile; fileRef = 6AF10B9220285ECB00AB503F /* NSMutableAttributedString+MethodChaining.m */; };
		6AF10BB620285ECB00AB503F /* NSMutableString+MethodChaining.m in Sources */ = {isa = PBXBuildFile; fileRef = 6AF10B9420285ECB00AB503F /* NSMutableString+MethodChaining.m */; };
		6AF10BB720285ECB00AB503F /* NSString+MethodChaining.m in Sources */ = {isa = PBXBuildFile; fileRef = 6AF10B9520285ECB00AB503F /* NSString+MethodChaining.m */; };
		6AF10BB820285ECB00AB503F /* NSAttributedString+MethodChaining.m in Sources */ = {isa = PBXBuildFile; fileRef = 6AF10B9620285ECB00AB503F /* NSAttributedString+MethodChaining.m */; };
		6AF10BB920285ECB00AB503F /* NSArray+MethodChaining.m in Sources */ = {isa = PBXBuildFile; fileRef = 6AF10B9A20285ECB00AB503F /* NSArray+MethodChaining.m */; };
		6AF10BBA20285ECB00AB503F /* NSMutableDictionary+LYFoundation.m in Sources */ = {isa = PBXBuildFile; fileRef = 6AF10B9F20285ECB00AB503F /* NSMutableDictionary+LYFoundation.m */; };
		6AF10BBB20285ECB00AB503F /* NSString+LYFoundation.m in Sources */ = {isa = PBXBuildFile; fileRef = 6AF10BA020285ECB00AB503F /* NSString+LYFoundation.m */; };
		6AF10BBC20285ECB00AB503F /* LYBasicTypeCompare.m in Sources */ = {isa = PBXBuildFile; fileRef = 6AF10BA120285ECB00AB503F /* LYBasicTypeCompare.m */; };
		6AF10BBD20285ECB00AB503F /* NSObject+MethodChaining.m in Sources */ = {isa = PBXBuildFile; fileRef = 6AF10BA720285ECB00AB503F /* NSObject+MethodChaining.m */; };
/* End PBXBuildFile section */

/* Begin PBXContainerItemProxy section */
		6AF10B6720285E8400AB503F /* PBXContainerItemProxy */ = {
			isa = PBXContainerItemProxy;
			containerPortal = 6AF10B4620285E8300AB503F /* Project object */;
			proxyType = 1;
			remoteGlobalIDString = 6AF10B4D20285E8300AB503F;
			remoteInfo = LYMethodChaining;
		};
/* End PBXContainerItemProxy section */

/* Begin PBXFileReference section */
		6AF10B4E20285E8300AB503F /* LYMethodChaining.app */ = {isa = PBXFileReference; explicitFileType = wrapper.application; includeInIndex = 0; path = LYMethodChaining.app; sourceTree = BUILT_PRODUCTS_DIR; };
		6AF10B5120285E8300AB503F /* AppDelegate.h */ = {isa = PBXFileReference; lastKnownFileType = sourcecode.c.h; path = AppDelegate.h; sourceTree = "<group>"; };
		6AF10B5220285E8300AB503F /* AppDelegate.m */ = {isa = PBXFileReference; lastKnownFileType = sourcecode.c.objc; path = AppDelegate.m; sourceTree = "<group>"; };
		6AF10B5420285E8300AB503F /* ViewController.h */ = {isa = PBXFileReference; lastKnownFileType = sourcecode.c.h; path = ViewController.h; sourceTree = "<group>"; };
		6AF10B5520285E8300AB503F /* ViewController.m */ = {isa = PBXFileReference; lastKnownFileType = sourcecode.c.objc; path = ViewController.m; sourceTree = "<group>"; };
		6AF10B5820285E8300AB503F /* Base */ = {isa = PBXFileReference; lastKnownFileType = file.storyboard; name = Base; path = Base.lproj/Main.storyboard; sourceTree = "<group>"; };
		6AF10B5A20285E8300AB503F /* Assets.xcassets */ = {isa = PBXFileReference; lastKnownFileType = folder.assetcatalog; path = Assets.xcassets; sourceTree = "<group>"; };
		6AF10B5D20285E8300AB503F /* Base */ = {isa = PBXFileReference; lastKnownFileType = file.storyboard; name = Base; path = Base.lproj/LaunchScreen.storyboard; sourceTree = "<group>"; };
		6AF10B5F20285E8300AB503F /* Info.plist */ = {isa = PBXFileReference; lastKnownFileType = text.plist.xml; path = Info.plist; sourceTree = "<group>"; };
		6AF10B6020285E8300AB503F /* main.m */ = {isa = PBXFileReference; lastKnownFileType = sourcecode.c.objc; path = main.m; sourceTree = "<group>"; };
		6AF10B6620285E8400AB503F /* LYMethodChainingTests.xctest */ = {isa = PBXFileReference; explicitFileType = wrapper.cfbundle; includeInIndex = 0; path = LYMethodChainingTests.xctest; sourceTree = BUILT_PRODUCTS_DIR; };
		6AF10B6A20285E8400AB503F /* LYMethodChainingTests.m */ = {isa = PBXFileReference; lastKnownFileType = sourcecode.c.objc; path = LYMethodChainingTests.m; sourceTree = "<group>"; };
		6AF10B6C20285E8400AB503F /* Info.plist */ = {isa = PBXFileReference; lastKnownFileType = text.plist.xml; path = Info.plist; sourceTree = "<group>"; };
		6AF10B7620285ECB00AB503F /* LYMethodChaining.h */ = {isa = PBXFileReference; fileEncoding = 4; lastKnownFileType = sourcecode.c.h; path = LYMethodChaining.h; sourceTree = "<group>"; };
		6AF10B7720285ECB00AB503F /* NSObject+MethodChaining.h */ = {isa = PBXFileReference; fileEncoding = 4; lastKnownFileType = sourcecode.c.h; path = "NSObject+MethodChaining.h"; sourceTree = "<group>"; };
		6AF10B7920285ECB00AB503F /* UIImageView+MethodChaining.m */ = {isa = PBXFileReference; fileEncoding = 4; lastKnownFileType = sourcecode.c.objc; path = "UIImageView+MethodChaining.m"; sourceTree = "<group>"; };
		6AF10B7A20285ECB00AB503F /* UIView+LYFrame.h */ = {isa = PBXFileReference; fileEncoding = 4; lastKnownFileType = sourcecode.c.h; path = "UIView+LYFrame.h"; sourceTree = "<group>"; };
		6AF10B7B20285ECB00AB503F /* UIView+MethodChaining.m */ = {isa = PBXFileReference; fileEncoding = 4; lastKnownFileType = sourcecode.c.objc; path = "UIView+MethodChaining.m"; sourceTree = "<group>"; };
		6AF10B7C20285ECB00AB503F /* UIButton+MethodChaining.m */ = {isa = PBXFileReference; fileEncoding = 4; lastKnownFileType = sourcecode.c.objc; path = "UIButton+MethodChaining.m"; sourceTree = "<group>"; };
		6AF10B7D20285ECB00AB503F /* UITextView+MethodChaining.m */ = {isa = PBXFileReference; fileEncoding = 4; lastKnownFileType = sourcecode.c.objc; path = "UITextView+MethodChaining.m"; sourceTree = "<group>"; };
		6AF10B7E20285ECB00AB503F /* UITableView+MethodChaining.h */ = {isa = PBXFileReference; fileEncoding = 4; lastKnownFileType = sourcecode.c.h; path = "UITableView+MethodChaining.h"; sourceTree = "<group>"; };
		6AF10B7F20285ECB00AB503F /* UIControl+MethodChaining.m */ = {isa = PBXFileReference; fileEncoding = 4; lastKnownFileType = sourcecode.c.objc; path = "UIControl+MethodChaining.m"; sourceTree = "<group>"; };
		6AF10B8020285ECB00AB503F /* UIScrollView+MethodChaining.h */ = {isa = PBXFileReference; fileEncoding = 4; lastKnownFileType = sourcecode.c.h; path = "UIScrollView+MethodChaining.h"; sourceTree = "<group>"; };
		6AF10B8120285ECB00AB503F /* UILabel+MethodChaining.h */ = {isa = PBXFileReference; fileEncoding = 4; lastKnownFileType = sourcecode.c.h; path = "UILabel+MethodChaining.h"; sourceTree = "<group>"; };
		6AF10B8220285ECB00AB503F /* UITextField+MethodChaining.h */ = {isa = PBXFileReference; fileEncoding = 4; lastKnownFileType = sourcecode.c.h; path = "UITextField+MethodChaining.h"; sourceTree = "<group>"; };
		6AF10B8320285ECB00AB503F /* UIView+LYFrame.m */ = {isa = PBXFileReference; fileEncoding = 4; lastKnownFileType = sourcecode.c.objc; path = "UIView+LYFrame.m"; sourceTree = "<group>"; };
		6AF10B8420285ECB00AB503F /* UIImageView+MethodChaining.h */ = {isa = PBXFileReference; fileEncoding = 4; lastKnownFileType = sourcecode.c.h; path = "UIImageView+MethodChaining.h"; sourceTree = "<group>"; };
		6AF10B8520285ECB00AB503F /* UITableView+MethodChaining.m */ = {isa = PBXFileReference; fileEncoding = 4; lastKnownFileType = sourcecode.c.objc; path = "UITableView+MethodChaining.m"; sourceTree = "<group>"; };
		6AF10B8620285ECB00AB503F /* UITextView+MethodChaining.h */ = {isa = PBXFileReference; fileEncoding = 4; lastKnownFileType = sourcecode.c.h; path = "UITextView+MethodChaining.h"; sourceTree = "<group>"; };
		6AF10B8720285ECB00AB503F /* UIButton+MethodChaining.h */ = {isa = PBXFileReference; fileEncoding = 4; lastKnownFileType = sourcecode.c.h; path = "UIButton+MethodChaining.h"; sourceTree = "<group>"; };
		6AF10B8820285ECB00AB503F /* UIView+MethodChaining.h */ = {isa = PBXFileReference; fileEncoding = 4; lastKnownFileType = sourcecode.c.h; path = "UIView+MethodChaining.h"; sourceTree = "<group>"; };
		6AF10B8920285ECB00AB503F /* UILabel+MethodChaining.m */ = {isa = PBXFileReference; fileEncoding = 4; lastKnownFileType = sourcecode.c.objc; path = "UILabel+MethodChaining.m"; sourceTree = "<group>"; };
		6AF10B8A20285ECB00AB503F /* UIScrollView+MethodChaining.m */ = {isa = PBXFileReference; fileEncoding = 4; lastKnownFileType = sourcecode.c.objc; path = "UIScrollView+MethodChaining.m"; sourceTree = "<group>"; };
		6AF10B8B20285ECB00AB503F /* UIControl+MethodChaining.h */ = {isa = PBXFileReference; fileEncoding = 4; lastKnownFileType = sourcecode.c.h; path = "UIControl+MethodChaining.h"; sourceTree = "<group>"; };
		6AF10B8C20285ECB00AB503F /* UITextField+MethodChaining.m */ = {isa = PBXFileReference; fileEncoding = 4; lastKnownFileType = sourcecode.c.objc; path = "UITextField+MethodChaining.m"; sourceTree = "<group>"; };
		6AF10B8D20285ECB00AB503F /* LYSingleton.h */ = {isa = PBXFileReference; fileEncoding = 4; lastKnownFileType = sourcecode.c.h; path = LYSingleton.h; sourceTree = "<group>"; };
		6AF10B8F20285ECB00AB503F /* NSMutableDictionary+LYAttributes.m */ = {isa = PBXFileReference; fileEncoding = 4; lastKnownFileType = sourcecode.c.objc; path = "NSMutableDictionary+LYAttributes.m"; sourceTree = "<group>"; };
		6AF10B9020285ECB00AB503F /* NSMutableArray+MethodChaining.m */ = {isa = PBXFileReference; fileEncoding = 4; lastKnownFileType = sourcecode.c.objc; path = "NSMutableArray+MethodChaining.m"; sourceTree = "<group>"; };
		6AF10B9120285ECB00AB503F /* NSMutableDictionary+MethodChaining.m */ = {isa = PBXFileReference; fileEncoding = 4; lastKnownFileType = sourcecode.c.objc; path = "NSMutableDictionary+MethodChaining.m"; sourceTree = "<group>"; };
		6AF10B9220285ECB00AB503F /* NSMutableAttributedString+MethodChaining.m */ = {isa = PBXFileReference; fileEncoding = 4; lastKnownFileType = sourcecode.c.objc; path = "NSMutableAttributedString+MethodChaining.m"; sourceTree = "<group>"; };
		6AF10B9320285ECB00AB503F /* NSArray+MethodChaining.h */ = {isa = PBXFileReference; fileEncoding = 4; lastKnownFileType = sourcecode.c.h; path = "NSArray+MethodChaining.h"; sourceTree = "<group>"; };
		6AF10B9420285ECB00AB503F /* NSMutableString+MethodChaining.m */ = {isa = PBXFileReference; fileEncoding = 4; lastKnownFileType = sourcecode.c.objc; path = "NSMutableString+MethodChaining.m"; sourceTree = "<group>"; };
		6AF10B9520285ECB00AB503F /* NSString+MethodChaining.m */ = {isa = PBXFileReference; fileEncoding = 4; lastKnownFileType = sourcecode.c.objc; path = "NSString+MethodChaining.m"; sourceTree = "<group>"; };
		6AF10B9620285ECB00AB503F /* NSAttributedString+MethodChaining.m */ = {isa = PBXFileReference; fileEncoding = 4; lastKnownFileType = sourcecode.c.objc; path = "NSAttributedString+MethodChaining.m"; sourceTree = "<group>"; };
		6AF10B9720285ECB00AB503F /* NSMutableDictionary+LYAttributes.h */ = {isa = PBXFileReference; fileEncoding = 4; lastKnownFileType = sourcecode.c.h; path = "NSMutableDictionary+LYAttributes.h"; sourceTree = "<group>"; };
		6AF10B9820285ECB00AB503F /* NSMutableArray+MethodChaining.h */ = {isa = PBXFileReference; fileEncoding = 4; lastKnownFileType = sourcecode.c.h; path = "NSMutableArray+MethodChaining.h"; sourceTree = "<group>"; };
		6AF10B9920285ECB00AB503F /* NSMutableString+MethodChaining.h */ = {isa = PBXFileReference; fileEncoding = 4; lastKnownFileType = sourcecode.c.h; path = "NSMutableString+MethodChaining.h"; sourceTree = "<group>"; };
		6AF10B9A20285ECB00AB503F /* NSArray+MethodChaining.m */ = {isa = PBXFileReference; fileEncoding = 4; lastKnownFileType = sourcecode.c.objc; path = "NSArray+MethodChaining.m"; sourceTree = "<group>"; };
		6AF10B9B20285ECB00AB503F /* NSMutableAttributedString+MethodChaining.h */ = {isa = PBXFileReference; fileEncoding = 4; lastKnownFileType = sourcecode.c.h; path = "NSMutableAttributedString+MethodChaining.h"; sourceTree = "<group>"; };
		6AF10B9C20285ECB00AB503F /* NSMutableDictionary+MethodChaining.h */ = {isa = PBXFileReference; fileEncoding = 4; lastKnownFileType = sourcecode.c.h; path = "NSMutableDictionary+MethodChaining.h"; sourceTree = "<group>"; };
		6AF10B9D20285ECB00AB503F /* NSAttributedString+MethodChaining.h */ = {isa = PBXFileReference; fileEncoding = 4; lastKnownFileType = sourcecode.c.h; path = "NSAttributedString+MethodChaining.h"; sourceTree = "<group>"; };
		6AF10B9F20285ECB00AB503F /* NSMutableDictionary+LYFoundation.m */ = {isa = PBXFileReference; fileEncoding = 4; lastKnownFileType = sourcecode.c.objc; path = "NSMutableDictionary+LYFoundation.m"; sourceTree = "<group>"; };
		6AF10BA020285ECB00AB503F /* NSString+LYFoundation.m */ = {isa = PBXFileReference; fileEncoding = 4; lastKnownFileType = sourcecode.c.objc; path = "NSString+LYFoundation.m"; sourceTree = "<group>"; };
		6AF10BA120285ECB00AB503F /* LYBasicTypeCompare.m */ = {isa = PBXFileReference; fileEncoding = 4; lastKnownFileType = sourcecode.c.objc; path = LYBasicTypeCompare.m; sourceTree = "<group>"; };
		6AF10BA220285ECB00AB503F /* NSString+LYFoundation.h */ = {isa = PBXFileReference; fileEncoding = 4; lastKnownFileType = sourcecode.c.h; path = "NSString+LYFoundation.h"; sourceTree = "<group>"; };
		6AF10BA320285ECB00AB503F /* NSMutableDictionary+LYFoundation.h */ = {isa = PBXFileReference; fileEncoding = 4; lastKnownFileType = sourcecode.c.h; path = "NSMutableDictionary+LYFoundation.h"; sourceTree = "<group>"; };
		6AF10BA420285ECB00AB503F /* LYBasicTypeCompare.h */ = {isa = PBXFileReference; fileEncoding = 4; lastKnownFileType = sourcecode.c.h; path = LYBasicTypeCompare.h; sourceTree = "<group>"; };
		6AF10BA520285ECB00AB503F /* NSString+MethodChaining.h */ = {isa = PBXFileReference; fileEncoding = 4; lastKnownFileType = sourcecode.c.h; path = "NSString+MethodChaining.h"; sourceTree = "<group>"; };
		6AF10BA620285ECB00AB503F /* LYMethodChainingMacros.h */ = {isa = PBXFileReference; fileEncoding = 4; lastKnownFileType = sourcecode.c.h; path = LYMethodChainingMacros.h; sourceTree = "<group>"; };
		6AF10BA720285ECB00AB503F /* NSObject+MethodChaining.m */ = {isa = PBXFileReference; fileEncoding = 4; lastKnownFileType = sourcecode.c.objc; path = "NSObject+MethodChaining.m"; sourceTree = "<group>"; };
/* End PBXFileReference section */

/* Begin PBXFrameworksBuildPhase section */
		6AF10B4B20285E8300AB503F /* Frameworks */ = {
			isa = PBXFrameworksBuildPhase;
			buildActionMask = 2147483647;
			files = (
			);
			runOnlyForDeploymentPostprocessing = 0;
		};
		6AF10B6320285E8400AB503F /* Frameworks */ = {
			isa = PBXFrameworksBuildPhase;
			buildActionMask = 2147483647;
			files = (
			);
			runOnlyForDeploymentPostprocessing = 0;
		};
/* End PBXFrameworksBuildPhase section */

/* Begin PBXGroup section */
		6AF10B4520285E8300AB503F = {
			isa = PBXGroup;
			children = (
				6AF10B7520285ECB00AB503F /* Source */,
				6AF10B5020285E8300AB503F /* LYMethodChaining */,
				6AF10B6920285E8400AB503F /* LYMethodChainingTests */,
				6AF10B4F20285E8300AB503F /* Products */,
			);
			sourceTree = "<group>";
		};
		6AF10B4F20285E8300AB503F /* Products */ = {
			isa = PBXGroup;
			children = (
				6AF10B4E20285E8300AB503F /* LYMethodChaining.app */,
				6AF10B6620285E8400AB503F /* LYMethodChainingTests.xctest */,
			);
			name = Products;
			sourceTree = "<group>";
		};
		6AF10B5020285E8300AB503F /* LYMethodChaining */ = {
			isa = PBXGroup;
			children = (
				6AF10B5120285E8300AB503F /* AppDelegate.h */,
				6AF10B5220285E8300AB503F /* AppDelegate.m */,
				6AF10B5420285E8300AB503F /* ViewController.h */,
				6AF10B5520285E8300AB503F /* ViewController.m */,
				6AF10B5720285E8300AB503F /* Main.storyboard */,
				6AF10B5A20285E8300AB503F /* Assets.xcassets */,
				6AF10B5C20285E8300AB503F /* LaunchScreen.storyboard */,
				6AF10B5F20285E8300AB503F /* Info.plist */,
				6AF10B6020285E8300AB503F /* main.m */,
			);
			path = LYMethodChaining;
			sourceTree = "<group>";
		};
		6AF10B6920285E8400AB503F /* LYMethodChainingTests */ = {
			isa = PBXGroup;
			children = (
				6AF10B6A20285E8400AB503F /* LYMethodChainingTests.m */,
				6AF10B6C20285E8400AB503F /* Info.plist */,
			);
			path = LYMethodChainingTests;
			sourceTree = "<group>";
		};
		6AF10B7520285ECB00AB503F /* Source */ = {
			isa = PBXGroup;
			children = (
				6AF10B8D20285ECB00AB503F /* LYSingleton.h */,
				6AF10B7620285ECB00AB503F /* LYMethodChaining.h */,
				6AF10BA620285ECB00AB503F /* LYMethodChainingMacros.h */,
				6AF10B7720285ECB00AB503F /* NSObject+MethodChaining.h */,
				6AF10BA720285ECB00AB503F /* NSObject+MethodChaining.m */,
				6AF10B7820285ECB00AB503F /* UIKit */,
				6AF10B8E20285ECB00AB503F /* Foundation */,
			);
			path = Source;
			sourceTree = "<group>";
		};
		6AF10B7820285ECB00AB503F /* UIKit */ = {
			isa = PBXGroup;
			children = (
				6AF10B7A20285ECB00AB503F /* UIView+LYFrame.h */,
				6AF10B8320285ECB00AB503F /* UIView+LYFrame.m */,
				6AF10B8820285ECB00AB503F /* UIView+MethodChaining.h */,
				6AF10B7B20285ECB00AB503F /* UIView+MethodChaining.m */,
				6AF10B8720285ECB00AB503F /* UIButton+MethodChaining.h */,
				6AF10B7C20285ECB00AB503F /* UIButton+MethodChaining.m */,
				6AF10B8220285ECB00AB503F /* UITextField+MethodChaining.h */,
				6AF10B8C20285ECB00AB503F /* UITextField+MethodChaining.m */,
				6AF10B8620285ECB00AB503F /* UITextView+MethodChaining.h */,
				6AF10B7D20285ECB00AB503F /* UITextView+MethodChaining.m */,
				6AF10B7E20285ECB00AB503F /* UITableView+MethodChaining.h */,
				6AF10B8520285ECB00AB503F /* UITableView+MethodChaining.m */,
				6AF10B8020285ECB00AB503F /* UIScrollView+MethodChaining.h */,
				6AF10B8A20285ECB00AB503F /* UIScrollView+MethodChaining.m */,
				6AF10B8420285ECB00AB503F /* UIImageView+MethodChaining.h */,
				6AF10B7920285ECB00AB503F /* UIImageView+MethodChaining.m */,
				6AF10B8120285ECB00AB503F /* UILabel+MethodChaining.h */,
				6AF10B8920285ECB00AB503F /* UILabel+MethodChaining.m */,
				6AF10B8B20285ECB00AB503F /* UIControl+MethodChaining.h */,
				6AF10B7F20285ECB00AB503F /* UIControl+MethodChaining.m */,
			);
			path = UIKit;
			sourceTree = "<group>";
		};
		6AF10B8E20285ECB00AB503F /* Foundation */ = {
			isa = PBXGroup;
			children = (
				6AF10B9820285ECB00AB503F /* NSMutableArray+MethodChaining.h */,
				6AF10B9020285ECB00AB503F /* NSMutableArray+MethodChaining.m */,
				6AF10B9720285ECB00AB503F /* NSMutableDictionary+LYAttributes.h */,
				6AF10B8F20285ECB00AB503F /* NSMutableDictionary+LYAttributes.m */,
				6AF10B9B20285ECB00AB503F /* NSMutableAttributedString+MethodChaining.h */,
				6AF10B9220285ECB00AB503F /* NSMutableAttributedString+MethodChaining.m */,
				6AF10B9320285ECB00AB503F /* NSArray+MethodChaining.h */,
				6AF10B9A20285ECB00AB503F /* NSArray+MethodChaining.m */,
				6AF10B9920285ECB00AB503F /* NSMutableString+MethodChaining.h */,
				6AF10B9420285ECB00AB503F /* NSMutableString+MethodChaining.m */,
				6AF10BA520285ECB00AB503F /* NSString+MethodChaining.h */,
				6AF10B9520285ECB00AB503F /* NSString+MethodChaining.m */,
				6AF10B9D20285ECB00AB503F /* NSAttributedString+MethodChaining.h */,
				6AF10B9620285ECB00AB503F /* NSAttributedString+MethodChaining.m */,
				6AF10B9C20285ECB00AB503F /* NSMutableDictionary+MethodChaining.h */,
				6AF10B9120285ECB00AB503F /* NSMutableDictionary+MethodChaining.m */,
				6AF10B9E20285ECB00AB503F /* Tool */,
			);
			path = Foundation;
			sourceTree = "<group>";
		};
		6AF10B9E20285ECB00AB503F /* Tool */ = {
			isa = PBXGroup;
			children = (
				6AF10BA320285ECB00AB503F /* NSMutableDictionary+LYFoundation.h */,
				6AF10B9F20285ECB00AB503F /* NSMutableDictionary+LYFoundation.m */,
				6AF10BA220285ECB00AB503F /* NSString+LYFoundation.h */,
				6AF10BA020285ECB00AB503F /* NSString+LYFoundation.m */,
				6AF10BA420285ECB00AB503F /* LYBasicTypeCompare.h */,
				6AF10BA120285ECB00AB503F /* LYBasicTypeCompare.m */,
			);
			path = Tool;
			sourceTree = "<group>";
		};
/* End PBXGroup section */

/* Begin PBXNativeTarget section */
		6AF10B4D20285E8300AB503F /* LYMethodChaining */ = {
			isa = PBXNativeTarget;
			buildConfigurationList = 6AF10B6F20285E8400AB503F /* Build configuration list for PBXNativeTarget "LYMethodChaining" */;
			buildPhases = (
				6AF10B4A20285E8300AB503F /* Sources */,
				6AF10B4B20285E8300AB503F /* Frameworks */,
				6AF10B4C20285E8300AB503F /* Resources */,
			);
			buildRules = (
			);
			dependencies = (
			);
			name = LYMethodChaining;
			productName = LYMethodChaining;
			productReference = 6AF10B4E20285E8300AB503F /* LYMethodChaining.app */;
			productType = "com.apple.product-type.application";
		};
		6AF10B6520285E8400AB503F /* LYMethodChainingTests */ = {
			isa = PBXNativeTarget;
			buildConfigurationList = 6AF10B7220285E8400AB503F /* Build configuration list for PBXNativeTarget "LYMethodChainingTests" */;
			buildPhases = (
				6AF10B6220285E8400AB503F /* Sources */,
				6AF10B6320285E8400AB503F /* Frameworks */,
				6AF10B6420285E8400AB503F /* Resources */,
			);
			buildRules = (
			);
			dependencies = (
				6AF10B6820285E8400AB503F /* PBXTargetDependency */,
			);
			name = LYMethodChainingTests;
			productName = LYMethodChainingTests;
			productReference = 6AF10B6620285E8400AB503F /* LYMethodChainingTests.xctest */;
			productType = "com.apple.product-type.bundle.unit-test";
		};
/* End PBXNativeTarget section */

/* Begin PBXProject section */
		6AF10B4620285E8300AB503F /* Project object */ = {
			isa = PBXProject;
			attributes = {
				LastUpgradeCheck = 0920;
				ORGANIZATIONNAME = Liya;
				TargetAttributes = {
					6AF10B4D20285E8300AB503F = {
						CreatedOnToolsVersion = 9.2;
						ProvisioningStyle = Automatic;
					};
					6AF10B6520285E8400AB503F = {
						CreatedOnToolsVersion = 9.2;
						ProvisioningStyle = Automatic;
						TestTargetID = 6AF10B4D20285E8300AB503F;
					};
				};
			};
			buildConfigurationList = 6AF10B4920285E8300AB503F /* Build configuration list for PBXProject "LYMethodChaining" */;
			compatibilityVersion = "Xcode 8.0";
			developmentRegion = en;
			hasScannedForEncodings = 0;
			knownRegions = (
				en,
				Base,
			);
			mainGroup = 6AF10B4520285E8300AB503F;
			productRefGroup = 6AF10B4F20285E8300AB503F /* Products */;
			projectDirPath = "";
			projectRoot = "";
			targets = (
				6AF10B4D20285E8300AB503F /* LYMethodChaining */,
				6AF10B6520285E8400AB503F /* LYMethodChainingTests */,
			);
		};
/* End PBXProject section */

/* Begin PBXResourcesBuildPhase section */
		6AF10B4C20285E8300AB503F /* Resources */ = {
			isa = PBXResourcesBuildPhase;
			buildActionMask = 2147483647;
			files = (
				6AF10B5E20285E8300AB503F /* LaunchScreen.storyboard in Resources */,
				6AF10B5B20285E8300AB503F /* Assets.xcassets in Resources */,
				6AF10B5920285E8300AB503F /* Main.storyboard in Resources */,
			);
			runOnlyForDeploymentPostprocessing = 0;
		};
		6AF10B6420285E8400AB503F /* Resources */ = {
			isa = PBXResourcesBuildPhase;
			buildActionMask = 2147483647;
			files = (
			);
			runOnlyForDeploymentPostprocessing = 0;
		};
/* End PBXResourcesBuildPhase section */

/* Begin PBXSourcesBuildPhase section */
		6AF10B4A20285E8300AB503F /* Sources */ = {
			isa = PBXSourcesBuildPhase;
			buildActionMask = 2147483647;
			files = (
				6AF10BA820285ECB00AB503F /* UIImageView+MethodChaining.m in Sources */,
				6AF10BB220285ECB00AB503F /* NSMutableDictionary+LYAttributes.m in Sources */,
				6AF10BB520285ECB00AB503F /* NSMutableAttributedString+MethodChaining.m in Sources */,
				6AF10BBB20285ECB00AB503F /* NSString+LYFoundation.m in Sources */,
				6AF10BB820285ECB00AB503F /* NSAttributedString+MethodChaining.m in Sources */,
				6AF10BB020285ECB00AB503F /* UIScrollView+MethodChaining.m in Sources */,
				6AF10BAC20285ECB00AB503F /* UIControl+MethodChaining.m in Sources */,
				6AF10BBD20285ECB00AB503F /* NSObject+MethodChaining.m in Sources */,
				6AF10BB720285ECB00AB503F /* NSString+MethodChaining.m in Sources */,
				6AF10B5620285E8300AB503F /* ViewController.m in Sources */,
				6AF10BAF20285ECB00AB503F /* UILabel+MethodChaining.m in Sources */,
				6AF10BAD20285ECB00AB503F /* UIView+LYFrame.m in Sources */,
				6AF10B6120285E8300AB503F /* main.m in Sources */,
				6AF10BB320285ECB00AB503F /* NSMutableArray+MethodChaining.m in Sources */,
				6AF10BB920285ECB00AB503F /* NSArray+MethodChaining.m in Sources */,
				6AF10BAE20285ECB00AB503F /* UITableView+MethodChaining.m in Sources */,
				6AF10BBC20285ECB00AB503F /* LYBasicTypeCompare.m in Sources */,
				6AF10BAB20285ECB00AB503F /* UITextView+MethodChaining.m in Sources */,
				6AF10BBA20285ECB00AB503F /* NSMutableDictionary+LYFoundation.m in Sources */,
				6AF10BB620285ECB00AB503F /* NSMutableString+MethodChaining.m in Sources */,
				6AF10BA920285ECB00AB503F /* UIView+MethodChaining.m in Sources */,
				6AF10BB120285ECB00AB503F /* UITextField+MethodChaining.m in Sources */,
				6AF10BB420285ECB00AB503F /* NSMutableDictionary+MethodChaining.m in Sources */,
				6AF10B5320285E8300AB503F /* AppDelegate.m in Sources */,
				6AF10BAA20285ECB00AB503F /* UIButton+MethodChaining.m in Sources */,
			);
			runOnlyForDeploymentPostprocessing = 0;
		};
		6AF10B6220285E8400AB503F /* Sources */ = {
			isa = PBXSourcesBuildPhase;
			buildActionMask = 2147483647;
			files = (
				6AF10B6B20285E8400AB503F /* LYMethodChainingTests.m in Sources */,
			);
			runOnlyForDeploymentPostprocessing = 0;
		};
/* End PBXSourcesBuildPhase section */

/* Begin PBXTargetDependency section */
		6AF10B6820285E8400AB503F /* PBXTargetDependency */ = {
			isa = PBXTargetDependency;
			target = 6AF10B4D20285E8300AB503F /* LYMethodChaining */;
			targetProxy = 6AF10B6720285E8400AB503F /* PBXContainerItemProxy */;
		};
/* End PBXTargetDependency section */

/* Begin PBXVariantGroup section */
		6AF10B5720285E8300AB503F /* Main.storyboard */ = {
			isa = PBXVariantGroup;
			children = (
				6AF10B5820285E8300AB503F /* Base */,
			);
			name = Main.storyboard;
			sourceTree = "<group>";
		};
		6AF10B5C20285E8300AB503F /* LaunchScreen.storyboard */ = {
			isa = PBXVariantGroup;
			children = (
				6AF10B5D20285E8300AB503F /* Base */,
			);
			name = LaunchScreen.storyboard;
			sourceTree = "<group>";
		};
/* End PBXVariantGroup section */

/* Begin XCBuildConfiguration section */
		6AF10B6D20285E8400AB503F /* Debug */ = {
			isa = XCBuildConfiguration;
			buildSettings = {
				ALWAYS_SEARCH_USER_PATHS = NO;
				CLANG_ANALYZER_NONNULL = YES;
				CLANG_ANALYZER_NUMBER_OBJECT_CONVERSION = YES_AGGRESSIVE;
				CLANG_CXX_LANGUAGE_STANDARD = "gnu++14";
				CLANG_CXX_LIBRARY = "libc++";
				CLANG_ENABLE_MODULES = YES;
				CLANG_ENABLE_OBJC_ARC = YES;
				CLANG_WARN_BLOCK_CAPTURE_AUTORELEASING = YES;
				CLANG_WARN_BOOL_CONVERSION = YES;
				CLANG_WARN_COMMA = YES;
				CLANG_WARN_CONSTANT_CONVERSION = YES;
				CLANG_WARN_DIRECT_OBJC_ISA_USAGE = YES_ERROR;
				CLANG_WARN_DOCUMENTATION_COMMENTS = YES;
				CLANG_WARN_EMPTY_BODY = YES;
				CLANG_WARN_ENUM_CONVERSION = YES;
				CLANG_WARN_INFINITE_RECURSION = YES;
				CLANG_WARN_INT_CONVERSION = YES;
				CLANG_WARN_NON_LITERAL_NULL_CONVERSION = YES;
				CLANG_WARN_OBJC_LITERAL_CONVERSION = YES;
				CLANG_WARN_OBJC_ROOT_CLASS = YES_ERROR;
				CLANG_WARN_RANGE_LOOP_ANALYSIS = YES;
				CLANG_WARN_STRICT_PROTOTYPES = YES;
				CLANG_WARN_SUSPICIOUS_MOVE = YES;
				CLANG_WARN_UNGUARDED_AVAILABILITY = YES_AGGRESSIVE;
				CLANG_WARN_UNREACHABLE_CODE = YES;
				CLANG_WARN__DUPLICATE_METHOD_MATCH = YES;
				CODE_SIGN_IDENTITY = "iPhone Developer";
				COPY_PHASE_STRIP = NO;
				DEBUG_INFORMATION_FORMAT = dwarf;
				ENABLE_STRICT_OBJC_MSGSEND = YES;
				ENABLE_TESTABILITY = YES;
				GCC_C_LANGUAGE_STANDARD = gnu11;
				GCC_DYNAMIC_NO_PIC = NO;
				GCC_NO_COMMON_BLOCKS = YES;
				GCC_OPTIMIZATION_LEVEL = 0;
				GCC_PREPROCESSOR_DEFINITIONS = (
					"DEBUG=1",
					"$(inherited)",
				);
				GCC_WARN_64_TO_32_BIT_CONVERSION = YES;
				GCC_WARN_ABOUT_RETURN_TYPE = YES_ERROR;
				GCC_WARN_UNDECLARED_SELECTOR = YES;
				GCC_WARN_UNINITIALIZED_AUTOS = YES_AGGRESSIVE;
				GCC_WARN_UNUSED_FUNCTION = YES;
				GCC_WARN_UNUSED_VARIABLE = YES;
				IPHONEOS_DEPLOYMENT_TARGET = 11.2;
				MTL_ENABLE_DEBUG_INFO = YES;
				ONLY_ACTIVE_ARCH = YES;
				SDKROOT = iphoneos;
			};
			name = Debug;
		};
		6AF10B6E20285E8400AB503F /* Release */ = {
			isa = XCBuildConfiguration;
			buildSettings = {
				ALWAYS_SEARCH_USER_PATHS = NO;
				CLANG_ANALYZER_NONNULL = YES;
				CLANG_ANALYZER_NUMBER_OBJECT_CONVERSION = YES_AGGRESSIVE;
				CLANG_CXX_LANGUAGE_STANDARD = "gnu++14";
				CLANG_CXX_LIBRARY = "libc++";
				CLANG_ENABLE_MODULES = YES;
				CLANG_ENABLE_OBJC_ARC = YES;
				CLANG_WARN_BLOCK_CAPTURE_AUTORELEASING = YES;
				CLANG_WARN_BOOL_CONVERSION = YES;
				CLANG_WARN_COMMA = YES;
				CLANG_WARN_CONSTANT_CONVERSION = YES;
				CLANG_WARN_DIRECT_OBJC_ISA_USAGE = YES_ERROR;
				CLANG_WARN_DOCUMENTATION_COMMENTS = YES;
				CLANG_WARN_EMPTY_BODY = YES;
				CLANG_WARN_ENUM_CONVERSION = YES;
				CLANG_WARN_INFINITE_RECURSION = YES;
				CLANG_WARN_INT_CONVERSION = YES;
				CLANG_WARN_NON_LITERAL_NULL_CONVERSION = YES;
				CLANG_WARN_OBJC_LITERAL_CONVERSION = YES;
				CLANG_WARN_OBJC_ROOT_CLASS = YES_ERROR;
				CLANG_WARN_RANGE_LOOP_ANALYSIS = YES;
				CLANG_WARN_STRICT_PROTOTYPES = YES;
				CLANG_WARN_SUSPICIOUS_MOVE = YES;
				CLANG_WARN_UNGUARDED_AVAILABILITY = YES_AGGRESSIVE;
				CLANG_WARN_UNREACHABLE_CODE = YES;
				CLANG_WARN__DUPLICATE_METHOD_MATCH = YES;
				CODE_SIGN_IDENTITY = "iPhone Developer";
				COPY_PHASE_STRIP = NO;
				DEBUG_INFORMATION_FORMAT = "dwarf-with-dsym";
				ENABLE_NS_ASSERTIONS = NO;
				ENABLE_STRICT_OBJC_MSGSEND = YES;
				GCC_C_LANGUAGE_STANDARD = gnu11;
				GCC_NO_COMMON_BLOCKS = YES;
				GCC_WARN_64_TO_32_BIT_CONVERSION = YES;
				GCC_WARN_ABOUT_RETURN_TYPE = YES_ERROR;
				GCC_WARN_UNDECLARED_SELECTOR = YES;
				GCC_WARN_UNINITIALIZED_AUTOS = YES_AGGRESSIVE;
				GCC_WARN_UNUSED_FUNCTION = YES;
				GCC_WARN_UNUSED_VARIABLE = YES;
				IPHONEOS_DEPLOYMENT_TARGET = 11.2;
				MTL_ENABLE_DEBUG_INFO = NO;
				SDKROOT = iphoneos;
				VALIDATE_PRODUCT = YES;
			};
			name = Release;
		};
		6AF10B7020285E8400AB503F /* Debug */ = {
			isa = XCBuildConfiguration;
			buildSettings = {
				ASSETCATALOG_COMPILER_APPICON_NAME = AppIcon;
				CODE_SIGN_STYLE = Automatic;
				INFOPLIST_FILE = LYMethodChaining/Info.plist;
				LD_RUNPATH_SEARCH_PATHS = "$(inherited) @executable_path/Frameworks";
				PRODUCT_BUNDLE_IDENTIFIER = com.Liya.LYMethodChaining;
				PRODUCT_NAME = "$(TARGET_NAME)";
				TARGETED_DEVICE_FAMILY = "1,2";
			};
			name = Debug;
		};
		6AF10B7120285E8400AB503F /* Release */ = {
			isa = XCBuildConfiguration;
			buildSettings = {
				ASSETCATALOG_COMPILER_APPICON_NAME = AppIcon;
				CODE_SIGN_STYLE = Automatic;
				INFOPLIST_FILE = LYMethodChaining/Info.plist;
				LD_RUNPATH_SEARCH_PATHS = "$(inherited) @executable_path/Frameworks";
				PRODUCT_BUNDLE_IDENTIFIER = com.Liya.LYMethodChaining;
				PRODUCT_NAME = "$(TARGET_NAME)";
				TARGETED_DEVICE_FAMILY = "1,2";
			};
			name = Release;
		};
		6AF10B7320285E8400AB503F /* Debug */ = {
			isa = XCBuildConfiguration;
			buildSettings = {
				BUNDLE_LOADER = "$(TEST_HOST)";
				CODE_SIGN_STYLE = Automatic;
				INFOPLIST_FILE = LYMethodChainingTests/Info.plist;
				LD_RUNPATH_SEARCH_PATHS = "$(inherited) @executable_path/Frameworks @loader_path/Frameworks";
				PRODUCT_BUNDLE_IDENTIFIER = com.Liya.LYMethodChainingTests;
				PRODUCT_NAME = "$(TARGET_NAME)";
				TARGETED_DEVICE_FAMILY = "1,2";
				TEST_HOST = "$(BUILT_PRODUCTS_DIR)/LYMethodChaining.app/LYMethodChaining";
			};
			name = Debug;
		};
		6AF10B7420285E8400AB503F /* Release */ = {
			isa = XCBuildConfiguration;
			buildSettings = {
				BUNDLE_LOADER = "$(TEST_HOST)";
				CODE_SIGN_STYLE = Automatic;
				INFOPLIST_FILE = LYMethodChainingTests/Info.plist;
				LD_RUNPATH_SEARCH_PATHS = "$(inherited) @executable_path/Frameworks @loader_path/Frameworks";
				PRODUCT_BUNDLE_IDENTIFIER = com.Liya.LYMethodChainingTests;
				PRODUCT_NAME = "$(TARGET_NAME)";
				TARGETED_DEVICE_FAMILY = "1,2";
				TEST_HOST = "$(BUILT_PRODUCTS_DIR)/LYMethodChaining.app/LYMethodChaining";
			};
			name = Release;
		};
/* End XCBuildConfiguration section */

/* Begin XCConfigurationList section */
		6AF10B4920285E8300AB503F /* Build configuration list for PBXProject "LYMethodChaining" */ = {
			isa = XCConfigurationList;
			buildConfigurations = (
				6AF10B6D20285E8400AB503F /* Debug */,
				6AF10B6E20285E8400AB503F /* Release */,
			);
			defaultConfigurationIsVisible = 0;
			defaultConfigurationName = Release;
		};
		6AF10B6F20285E8400AB503F /* Build configuration list for PBXNativeTarget "LYMethodChaining" */ = {
			isa = XCConfigurationList;
			buildConfigurations = (
				6AF10B7020285E8400AB503F /* Debug */,
				6AF10B7120285E8400AB503F /* Release */,
			);
			defaultConfigurationIsVisible = 0;
			defaultConfigurationName = Release;
		};
		6AF10B7220285E8400AB503F /* Build configuration list for PBXNativeTarget "LYMethodChainingTests" */ = {
			isa = XCConfigurationList;
			buildConfigurations = (
				6AF10B7320285E8400AB503F /* Debug */,
				6AF10B7420285E8400AB503F /* Release */,
			);
			defaultConfigurationIsVisible = 0;
			defaultConfigurationName = Release;
		};
/* End XCConfigurationList section */
	};
	rootObject = 6AF10B4620285E8300AB503F /* Project object */;
}
